
Microsoft Visual Studio Solution File, Format Version 12.00
# Visual Studio Version 17
VisualStudioVersion = 17.0.31903.59
MinimumVisualStudioVersion = 10.0.40219.1
Project("{FAE04EC0-301F-11D3-BF4B-00C04F79EFBC}") = "HomeworkMay29_RealTimeTasks.Web", "HomeworkMay29_RealTimeTasks.Web\HomeworkMay29_RealTimeTasks.Web.csproj", "{E1EBEB20-5EB8-4B58-9CDF-CE5B1E4B81A5}"
EndProject
Project("{FAE04EC0-301F-11D3-BF4B-00C04F79EFBC}") = "HomeworkMay29_RealTimeTasks.Data", "HomeworkMay29_RealTimeTasks.Data\HomeworkMay29_RealTimeTasks.Data.csproj", "{41A05EB6-F219-4AD1-921A-A2F8B9E1D47A}"
EndProject
Global
	GlobalSection(SolutionConfigurationPlatforms) = preSolution
		Debug|Any CPU = Debug|Any CPU
		Release|Any CPU = Release|Any CPU
	EndGlobalSection
	GlobalSection(SolutionProperties) = preSolution
		HideSolutionNode = FALSE
	EndGlobalSection
	GlobalSection(ProjectConfigurationPlatforms) = postSolution
		{E1EBEB20-5EB8-4B58-9CDF-CE5B1E4B81A5}.Debug|Any CPU.ActiveCfg = Debug|Any CPU
		{E1EBEB20-5EB8-4B58-9CDF-CE5B1E4B81A5}.Debug|Any CPU.Build.0 = Debug|Any CPU
		{E1EBEB20-5EB8-4B58-9CDF-CE5B1E4B81A5}.Release|Any CPU.ActiveCfg = Release|Any CPU
		{E1EBEB20-5EB8-4B58-9CDF-CE5B1E4B81A5}.Release|Any CPU.Build.0 = Release|Any CPU
		{41A05EB6-F219-4AD1-921A-A2F8B9E1D47A}.Debug|Any CPU.ActiveCfg = Debug|Any CPU
		{41A05EB6-F219-4AD1-921A-A2F8B9E1D47A}.Debug|Any CPU.Build.0 = Debug|Any CPU
		{41A05EB6-F219-4AD1-921A-A2F8B9E1D47A}.Release|Any CPU.ActiveCfg = Release|Any CPU
		{41A05EB6-F219-4AD1-921A-A2F8B9E1D47A}.Release|Any CPU.Build.0 = Release|Any CPU
	EndGlobalSection
EndGlobal
